// !$*UTF8*$!
{
	archiveVersion = 1;
	classes = {
	};
	objectVersion = 46;
	objects = {

/* Begin PBXBuildFile section */
		B415EB1E1C74123F00749834 /* main.m in Sources */ = {isa = PBXBuildFile; fileRef = B415EB1D1C74123F00749834 /* main.m */; };
		B415EB211C74123F00749834 /* AppDelegate.m in Sources */ = {isa = PBXBuildFile; fileRef = B415EB201C74123F00749834 /* AppDelegate.m */; };
		B415EB241C74123F00749834 /* MasterViewController.m in Sources */ = {isa = PBXBuildFile; fileRef = B415EB231C74123F00749834 /* MasterViewController.m */; };
		B415EB271C74123F00749834 /* DetailViewController.m in Sources */ = {isa = PBXBuildFile; fileRef = B415EB261C74123F00749834 /* DetailViewController.m */; };
		B415EB2A1C74123F00749834 /* Main.storyboard in Resources */ = {isa = PBXBuildFile; fileRef = B415EB281C74123F00749834 /* Main.storyboard */; };
		B415EB2C1C74123F00749834 /* Assets.xcassets in Resources */ = {isa = PBXBuildFile; fileRef = B415EB2B1C74123F00749834 /* Assets.xcassets */; };
		B415EB2F1C74123F00749834 /* LaunchScreen.storyboard in Resources */ = {isa = PBXBuildFile; fileRef = B415EB2D1C74123F00749834 /* LaunchScreen.storyboard */; };
		B415EB381C7414CC00749834 /* XSFirstViewController.m in Sources */ = {isa = PBXBuildFile; fileRef = B415EB371C7414CC00749834 /* XSFirstViewController.m */; };
		B415EB3B1C7414E200749834 /* XSSecondViewController.m in Sources */ = {isa = PBXBuildFile; fileRef = B415EB3A1C7414E200749834 /* XSSecondViewController.m */; };
		B415EB3E1C7416D800749834 /* XSCustomPresentationController.m in Sources */ = {isa = PBXBuildFile; fileRef = B415EB3D1C7416D800749834 /* XSCustomPresentationController.m */; };
/* End PBXBuildFile section */

/* Begin PBXFileReference section */
		B415EB191C74123F00749834 /* XSPerspectiveTransform.app */ = {isa = PBXFileReference; explicitFileType = wrapper.application; includeInIndex = 0; path = XSPerspectiveTransform.app; sourceTree = BUILT_PRODUCTS_DIR; };
		B415EB1D1C74123F00749834 /* main.m */ = {isa = PBXFileReference; lastKnownFileType = sourcecode.c.objc; path = main.m; sourceTree = "<group>"; };
		B415EB1F1C74123F00749834 /* AppDelegate.h */ = {isa = PBXFileReference; lastKnownFileType = sourcecode.c.h; path = AppDelegate.h; sourceTree = "<group>"; };
		B415EB201C74123F00749834 /* AppDelegate.m */ = {isa = PBXFileReference; lastKnownFileType = sourcecode.c.objc; path = AppDelegate.m; sourceTree = "<group>"; };
		B415EB221C74123F00749834 /* MasterViewController.h */ = {isa = PBXFileReference; lastKnownFileType = sourcecode.c.h; path = MasterViewController.h; sourceTree = "<group>"; };
		B415EB231C74123F00749834 /* MasterViewController.m */ = {isa = PBXFileReference; lastKnownFileType = sourcecode.c.objc; path = MasterViewController.m; sourceTree = "<group>"; };
		B415EB251C74123F00749834 /* DetailViewController.h */ = {isa = PBXFileReference; lastKnownFileType = sourcecode.c.h; path = DetailViewController.h; sourceTree = "<group>"; };
		B415EB261C74123F00749834 /* DetailViewController.m */ = {isa = PBXFileReference; lastKnownFileType = sourcecode.c.objc; path = DetailViewController.m; sourceTree = "<group>"; };
		B415EB291C74123F00749834 /* Base */ = {isa = PBXFileReference; lastKnownFileType = file.storyboard; name = Base; path = Base.lproj/Main.storyboard; sourceTree = "<group>"; };
		B415EB2B1C74123F00749834 /* Assets.xcassets */ = {isa = PBXFileReference; lastKnownFileType = folder.assetcatalog; path = Assets.xcassets; sourceTree = "<group>"; };
		B415EB2E1C74123F00749834 /* Base */ = {isa = PBXFileReference; lastKnownFileType = file.storyboard; name = Base; path = Base.lproj/LaunchScreen.storyboard; sourceTree = "<group>"; };
		B415EB301C74123F00749834 /* Info.plist */ = {isa = PBXFileReference; lastKnownFileType = text.plist.xml; path = Info.plist; sourceTree = "<group>"; };
		B415EB361C7414CC00749834 /* XSFirstViewController.h */ = {isa = PBXFileReference; fileEncoding = 4; lastKnownFileType = sourcecode.c.h; path = XSFirstViewController.h; sourceTree = "<group>"; };
		B415EB371C7414CC00749834 /* XSFirstViewController.m */ = {isa = PBXFileReference; fileEncoding = 4; lastKnownFileType = sourcecode.c.objc; path = XSFirstViewController.m; sourceTree = "<group>"; };
		B415EB391C7414E200749834 /* XSSecondViewController.h */ = {isa = PBXFileReference; fileEncoding = 4; lastKnownFileType = sourcecode.c.h; path = XSSecondViewController.h; sourceTree = "<group>"; };
		B415EB3A1C7414E200749834 /* XSSecondViewController.m */ = {isa = PBXFileReference; fileEncoding = 4; lastKnownFileType = sourcecode.c.objc; path = XSSecondViewController.m; sourceTree = "<group>"; };
		B415EB3C1C7416D800749834 /* XSCustomPresentationController.h */ = {isa = PBXFileReference; fileEncoding = 4; lastKnownFileType = sourcecode.c.h; path = XSCustomPresentationController.h; sourceTree = "<group>"; };
		B415EB3D1C7416D800749834 /* XSCustomPresentationController.m */ = {isa = PBXFileReference; fileEncoding = 4; lastKnownFileType = sourcecode.c.objc; path = XSCustomPresentationController.m; sourceTree = "<group>"; };
/* End PBXFileReference section */

/* Begin PBXFrameworksBuildPhase section */
		B415EB161C74123F00749834 /* Frameworks */ = {
			isa = PBXFrameworksBuildPhase;
			buildActionMask = 2147483647;
			files = (
			);
			runOnlyForDeploymentPostprocessing = 0;
		};
/* End PBXFrameworksBuildPhase section */

/* Begin PBXGroup section */
		B415EB101C74123F00749834 = {
			isa = PBXGroup;
			children = (
				B415EB1B1C74123F00749834 /* XSPerspectiveTransform */,
				B415EB1A1C74123F00749834 /* Products */,
			);
			sourceTree = "<group>";
		};
		B415EB1A1C74123F00749834 /* Products */ = {
			isa = PBXGroup;
			children = (
				B415EB191C74123F00749834 /* XSPerspectiveTransform.app */,
			);
			name = Products;
			sourceTree = "<group>";
		};
		B415EB1B1C74123F00749834 /* XSPerspectiveTransform */ = {
			isa = PBXGroup;
			children = (
				B415EB1F1C74123F00749834 /* AppDelegate.h */,
				B415EB201C74123F00749834 /* AppDelegate.m */,
				B415EB221C74123F00749834 /* MasterViewController.h */,
				B415EB231C74123F00749834 /* MasterViewController.m */,
				B415EB251C74123F00749834 /* DetailViewController.h */,
				B415EB261C74123F00749834 /* DetailViewController.m */,
				B415EB361C7414CC00749834 /* XSFirstViewController.h */,
				B415EB371C7414CC00749834 /* XSFirstViewController.m */,
				B415EB391C7414E200749834 /* XSSecondViewController.h */,
				B415EB3A1C7414E200749834 /* XSSecondViewController.m */,
				B415EB3C1C7416D800749834 /* XSCustomPresentationController.h */,
				B415EB3D1C7416D800749834 /* XSCustomPresentationController.m */,
				B415EB281C74123F00749834 /* Main.storyboard */,
				B415EB2B1C74123F00749834 /* Assets.xcassets */,
				B415EB2D1C74123F00749834 /* LaunchScreen.storyboard */,
				B415EB301C74123F00749834 /* Info.plist */,
				B415EB1C1C74123F00749834 /* Supporting Files */,
			);
			path = XSPerspectiveTransform;
			sourceTree = "<group>";
		};
		B415EB1C1C74123F00749834 /* Supporting Files */ = {
			isa = PBXGroup;
			children = (
				B415EB1D1C74123F00749834 /* main.m */,
			);
			name = "Supporting Files";
			sourceTree = "<group>";
		};
/* End PBXGroup section */

/* Begin PBXNativeTarget section */
		B415EB181C74123F00749834 /* XSPerspectiveTransform */ = {
			isa = PBXNativeTarget;
			buildConfigurationList = B415EB331C74123F00749834 /* Build configuration list for PBXNativeTarget "XSPerspectiveTransform" */;
			buildPhases = (
				B415EB151C74123F00749834 /* Sources */,
				B415EB161C74123F00749834 /* Frameworks */,
				B415EB171C74123F00749834 /* Resources */,
			);
			buildRules = (
			);
			dependencies = (
			);
			name = XSPerspectiveTransform;
			productName = XSPerspectiveTransform;
			productReference = B415EB191C74123F00749834 /* XSPerspectiveTransform.app */;
			productType = "com.apple.product-type.application";
		};
/* End PBXNativeTarget section */

/* Begin PBXProject section */
		B415EB111C74123F00749834 /* Project object */ = {
			isa = PBXProject;
			attributes = {
				LastUpgradeCheck = 0720;
				ORGANIZATIONNAME = jeeliu;
				TargetAttributes = {
					B415EB181C74123F00749834 = {
						CreatedOnToolsVersion = 7.2.1;
					};
				};
			};
			buildConfigurationList = B415EB141C74123F00749834 /* Build configuration list for PBXProject "XSPerspectiveTransform" */;
			compatibilityVersion = "Xcode 3.2";
			developmentRegion = English;
			hasScannedForEncodings = 0;
			knownRegions = (
				en,
				Base,
			);
			mainGroup = B415EB101C74123F00749834;
			productRefGroup = B415EB1A1C74123F00749834 /* Products */;
			projectDirPath = "";
			projectRoot = "";
			targets = (
				B415EB181C74123F00749834 /* XSPerspectiveTransform */,
			);
		};
/* End PBXProject section */

/* Begin PBXResourcesBuildPhase section */
		B415EB171C74123F00749834 /* Resources */ = {
			isa = PBXResourcesBuildPhase;
			buildActionMask = 2147483647;
			files = (
				B415EB2F1C74123F00749834 /* LaunchScreen.storyboard in Resources */,
				B415EB2C1C74123F00749834 /* Assets.xcassets in Resources */,
				B415EB2A1C74123F00749834 /* Main.storyboard in Resources */,
			);
			runOnlyForDeploymentPostprocessing = 0;
		};
/* End PBXResourcesBuildPhase section */

/* Begin PBXSourcesBuildPhase section */
		B415EB151C74123F00749834 /* Sources */ = {
			isa = PBXSourcesBuildPhase;
			buildActionMask = 2147483647;
			files = (
				B415EB211C74123F00749834 /* AppDelegate.m in Sources */,
				B415EB3B1C7414E200749834 /* XSSecondViewController.m in Sources */,
				B415EB3E1C7416D800749834 /* XSCustomPresentationController.m in Sources */,
				B415EB241C74123F00749834 /* MasterViewController.m in Sources */,
				B415EB1E1C74123F00749834 /* main.m in Sources */,
				B415EB271C74123F00749834 /* DetailViewController.m in Sources */,
				B415EB381C7414CC00749834 /* XSFirstViewController.m in Sources */,
			);
			runOnlyForDeploymentPostprocessing = 0;
		};
/* End PBXSourcesBuildPhase section */

/* Begin PBXVariantGroup section */
		B415EB281C74123F00749834 /* Main.storyboard */ = {
			isa = PBXVariantGroup;
			children = (
				B415EB291C74123F00749834 /* Base */,
			);
			name = Main.storyboard;
			sourceTree = "<group>";
		};
		B415EB2D1C74123F00749834 /* LaunchScreen.storyboard */ = {
			isa = PBXVariantGroup;
			children = (
				B415EB2E1C74123F00749834 /* Base */,
			);
			name = LaunchScreen.storyboard;
			sourceTree = "<group>";
		};
/* End PBXVariantGroup section */

/* Begin XCBuildConfiguration section */
		B415EB311C74123F00749834 /* Debug */ = {
			isa = XCBuildConfiguration;
			buildSettings = {
				ALWAYS_SEARCH_USER_PATHS = NO;
				CLANG_CXX_LANGUAGE_STANDARD = "gnu++0x";
				CLANG_CXX_LIBRARY = "libc++";
				CLANG_ENABLE_MODULES = YES;
				CLANG_ENABLE_OBJC_ARC = YES;
				CLANG_WARN_BOOL_CONVERSION = YES;
				CLANG_WARN_CONSTANT_CONVERSION = YES;
				CLANG_WARN_DIRECT_OBJC_ISA_USAGE = YES_ERROR;
				CLANG_WARN_EMPTY_BODY = YES;
				CLANG_WARN_ENUM_CONVERSION = YES;
				CLANG_WARN_INT_CONVERSION = YES;
				CLANG_WARN_OBJC_ROOT_CLASS = YES_ERROR;
				CLANG_WARN_UNREACHABLE_CODE = YES;
				CLANG_WARN__DUPLICATE_METHOD_MATCH = YES;
				"CODE_SIGN_IDENTITY[sdk=iphoneos*]" = "iPhone Developer";
				COPY_PHASE_STRIP = NO;
				DEBUG_INFORMATION_FORMAT = dwarf;
				ENABLE_STRICT_OBJC_MSGSEND = YES;
				ENABLE_TESTABILITY = YES;
				GCC_C_LANGUAGE_STANDARD = gnu99;
				GCC_DYNAMIC_NO_PIC = NO;
				GCC_NO_COMMON_BLOCKS = YES;
				GCC_OPTIMIZATION_LEVEL = 0;
				GCC_PREPROCESSOR_DEFINITIONS = (
					"DEBUG=1",
					"$(inherited)",
				);
				GCC_WARN_64_TO_32_BIT_CONVERSION = YES;
				GCC_WARN_ABOUT_RETURN_TYPE = YES_ERROR;
				GCC_WARN_UNDECLARED_SELECTOR = YES;
				GCC_WARN_UNINITIALIZED_AUTOS = YES_AGGRESSIVE;
				GCC_WARN_UNUSED_FUNCTION = YES;
				GCC_WARN_UNUSED_VARIABLE = YES;
				IPHONEOS_DEPLOYMENT_TARGET = 9.2;
				MTL_ENABLE_DEBUG_INFO = YES;
				ONLY_ACTIVE_ARCH = YES;
				SDKROOT = iphoneos;
			};
			name = Debug;
		};
		B415EB321C74123F00749834 /* Release */ = {
			isa = XCBuildConfiguration;
			buildSettings = {
				ALWAYS_SEARCH_USER_PATHS = NO;
				CLANG_CXX_LANGUAGE_STANDARD = "gnu++0x";
				CLANG_CXX_LIBRARY = "libc++";
				CLANG_ENABLE_MODULES = YES;
				CLANG_ENABLE_OBJC_ARC = YES;
				CLANG_WARN_BOOL_CONVERSION = YES;
				CLANG_WARN_CONSTANT_CONVERSION = YES;
				CLANG_WARN_DIRECT_OBJC_ISA_USAGE = YES_ERROR;
				CLANG_WARN_EMPTY_BODY = YES;
				CLANG_WARN_ENUM_CONVERSION = YES;
				CLANG_WARN_INT_CONVERSION = YES;
				CLANG_WARN_OBJC_ROOT_CLASS = YES_ERROR;
				CLANG_WARN_UNREACHABLE_CODE = YES;
				CLANG_WARN__DUPLICATE_METHOD_MATCH = YES;
				"CODE_SIGN_IDENTITY[sdk=iphoneos*]" = "iPhone Developer";
				COPY_PHASE_STRIP = NO;
				DEBUG_INFORMATION_FORMAT = "dwarf-with-dsym";
				ENABLE_NS_ASSERTIONS = NO;
				ENABLE_STRICT_OBJC_MSGSEND = YES;
				GCC_C_LANGUAGE_STANDARD = gnu99;
				GCC_NO_COMMON_BLOCKS = YES;
				GCC_WARN_64_TO_32_BIT_CONVERSION = YES;
				GCC_WARN_ABOUT_RETURN_TYPE = YES_ERROR;
				GCC_WARN_UNDECLARED_SELECTOR = YES;
				GCC_WARN_UNINITIALIZED_AUTOS = YES_AGGRESSIVE;
				GCC_WARN_UNUSED_FUNCTION = YES;
				GCC_WARN_UNUSED_VARIABLE = YES;
				IPHONEOS_DEPLOYMENT_TARGET = 9.2;
				MTL_ENABLE_DEBUG_INFO = NO;
				SDKROOT = iphoneos;
				VALIDATE_PRODUCT = YES;
			};
			name = Release;
		};
		B415EB341C74123F00749834 /* Debug */ = {
			isa = XCBuildConfiguration;
			buildSettings = {
				ASSETCATALOG_COMPILER_APPICON_NAME = AppIcon;
				INFOPLIST_FILE = XSPerspectiveTransform/Info.plist;
				LD_RUNPATH_SEARCH_PATHS = "$(inherited) @executable_path/Frameworks";
				PRODUCT_BUNDLE_IDENTIFIER = jeeliu.XSPerspectiveTransform;
				PRODUCT_NAME = "$(TARGET_NAME)";
			};
			name = Debug;
		};
		B415EB351C74123F00749834 /* Release */ = {
			isa = XCBuildConfiguration;
			buildSettings = {
				ASSETCATALOG_COMPILER_APPICON_NAME = AppIcon;
				INFOPLIST_FILE = XSPerspectiveTransform/Info.plist;
				LD_RUNPATH_SEARCH_PATHS = "$(inherited) @executable_path/Frameworks";
				PRODUCT_BUNDLE_IDENTIFIER = jeeliu.XSPerspectiveTransform;
				PRODUCT_NAME = "$(TARGET_NAME)";
			};
			name = Release;
		};
/* End XCBuildConfiguration section */

/* Begin XCConfigurationList section */
		B415EB141C74123F00749834 /* Build configuration list for PBXProject "XSPerspectiveTransform" */ = {
			isa = XCConfigurationList;
			buildConfigurations = (
				B415EB311C74123F00749834 /* Debug */,
				B415EB321C74123F00749834 /* Release */,
			);
			defaultConfigurationIsVisible = 0;
			defaultConfigurationName = Release;
		};
		B415EB331C74123F00749834 /* Build configuration list for PBXNativeTarget "XSPerspectiveTransform" */ = {
			isa = XCConfigurationList;
			buildConfigurations = (
				B415EB341C74123F00749834 /* Debug */,
				B415EB351C74123F00749834 /* Release */,
			);
			defaultConfigurationIsVisible = 0;
		};
/* End XCConfigurationList section */
	};
	rootObject = B415EB111C74123F00749834 /* Project object */;
}
